
Microsoft Visual Studio Solution File, Format Version 12.00
Project("{FAE04EC0-301F-11D3-BF4B-00C04F79EFBC}") = "ProcessInvoke.Primitives", "ProcessInvoke.Primitives\ProcessInvoke.Primitives.csproj", "{6504C303-8DDF-47A0-B5B2-B53067B3BB51}"
EndProject
Project("{FAE04EC0-301F-11D3-BF4B-00C04F79EFBC}") = "ProcessInvoke", "ProcessInvoke\ProcessInvoke.csproj", "{911EF024-DA1F-45F2-A2C6-5C410E4C07C2}"
EndProject
Project("{FAE04EC0-301F-11D3-BF4B-00C04F79EFBC}") = "ProcessInvoke.Abstractions", "ProcessInvoke.Abstractions\ProcessInvoke.Abstractions.csproj", "{AB1E31D2-33A5-4E8A-A6E4-A19D410D9001}"
EndProject
Global
	GlobalSection(SolutionConfigurationPlatforms) = preSolution
		Debug|Any CPU = Debug|Any CPU
		Release|Any CPU = Release|Any CPU
	EndGlobalSection
	GlobalSection(ProjectConfigurationPlatforms) = postSolution
		{6504C303-8DDF-47A0-B5B2-B53067B3BB51}.Debug|Any CPU.ActiveCfg = Debug|Any CPU
		{6504C303-8DDF-47A0-B5B2-B53067B3BB51}.Debug|Any CPU.Build.0 = Debug|Any CPU
		{6504C303-8DDF-47A0-B5B2-B53067B3BB51}.Release|Any CPU.ActiveCfg = Release|Any CPU
		{6504C303-8DDF-47A0-B5B2-B53067B3BB51}.Release|Any CPU.Build.0 = Release|Any CPU
		{911EF024-DA1F-45F2-A2C6-5C410E4C07C2}.Debug|Any CPU.ActiveCfg = Debug|Any CPU
		{911EF024-DA1F-45F2-A2C6-5C410E4C07C2}.Debug|Any CPU.Build.0 = Debug|Any CPU
		{911EF024-DA1F-45F2-A2C6-5C410E4C07C2}.Release|Any CPU.ActiveCfg = Release|Any CPU
		{911EF024-DA1F-45F2-A2C6-5C410E4C07C2}.Release|Any CPU.Build.0 = Release|Any CPU
		{AB1E31D2-33A5-4E8A-A6E4-A19D410D9001}.Debug|Any CPU.ActiveCfg = Debug|Any CPU
		{AB1E31D2-33A5-4E8A-A6E4-A19D410D9001}.Debug|Any CPU.Build.0 = Debug|Any CPU
		{AB1E31D2-33A5-4E8A-A6E4-A19D410D9001}.Release|Any CPU.ActiveCfg = Release|Any CPU
		{AB1E31D2-33A5-4E8A-A6E4-A19D410D9001}.Release|Any CPU.Build.0 = Release|Any CPU
	EndGlobalSection
EndGlobal
